
Microsoft Visual Studio Solution File, Format Version 12.00
# Visual Studio Version 17
VisualStudioVersion = 17.7.34009.444
MinimumVisualStudioVersion = 10.0.40219.1
Project("{FAE04EC0-301F-11D3-BF4B-00C04F79EFBC}") = "MVC_Kutuphane_Otomasyonu", "MVC_Kutuphane_Otomasyonu\MVC_Kutuphane_Otomasyonu.csproj", "{B6EC92EE-5E49-46AD-868F-072093F2B963}"
EndProject
Project("{FAE04EC0-301F-11D3-BF4B-00C04F79EFBC}") = "MVC_Kutuphane_Otomasyonu.Entities", "MVC_Kutuphane_Otomasonu.Entities\MVC_Kutuphane_Otomasyonu.Entities.csproj", "{51ECB3B9-A65C-43A6-AE7E-2973FB766215}"
EndProject
Global
	GlobalSection(SolutionConfigurationPlatforms) = preSolution
		Debug|Any CPU = Debug|Any CPU
		Release|Any CPU = Release|Any CPU
	EndGlobalSection
	GlobalSection(ProjectConfigurationPlatforms) = postSolution
		{B6EC92EE-5E49-46AD-868F-072093F2B963}.Debug|Any CPU.ActiveCfg = Debug|Any CPU
		{B6EC92EE-5E49-46AD-868F-072093F2B963}.Debug|Any CPU.Build.0 = Debug|Any CPU
		{B6EC92EE-5E49-46AD-868F-072093F2B963}.Release|Any CPU.ActiveCfg = Release|Any CPU
		{B6EC92EE-5E49-46AD-868F-072093F2B963}.Release|Any CPU.Build.0 = Release|Any CPU
		{51ECB3B9-A65C-43A6-AE7E-2973FB766215}.Debug|Any CPU.ActiveCfg = Debug|Any CPU
		{51ECB3B9-A65C-43A6-AE7E-2973FB766215}.Debug|Any CPU.Build.0 = Debug|Any CPU
		{51ECB3B9-A65C-43A6-AE7E-2973FB766215}.Release|Any CPU.ActiveCfg = Release|Any CPU
		{51ECB3B9-A65C-43A6-AE7E-2973FB766215}.Release|Any CPU.Build.0 = Release|Any CPU
	EndGlobalSection
	GlobalSection(SolutionProperties) = preSolution
		HideSolutionNode = FALSE
	EndGlobalSection
	GlobalSection(ExtensibilityGlobals) = postSolution
		SolutionGuid = {7E226DE6-D59E-4E13-AB03-EE833F11384F}
	EndGlobalSection
EndGlobal
